{
  "object": {
    "pins": [
      {
        "package": "duswift",
        "repositoryURL": "https://github.com/samedicorp/duswift.git",
        "state": {
          "branch": null,
          "revision": "ade581a5f5b37bf5a1686a7a57bf56a9f992ed36",
          "version": "1.0.0"
        }
      },
      {
        "package": "XCTestExtensions",
        "repositoryURL": "https://github.com/elegantchaos/XCTestExtensions.git",
        "state": {
          "branch": null,
          "revision": "8dfc98162276db61530cfaa9f1096d05988c3e60",
          "version": "1.3.3"
        }
      }
    ]
  },
  "version": 1
}
